{
  "originHash" : "00e258c7cd7d2c889cdf2820c04ccfaf724b5f85f90dad1e65cab9bda40bbe6e",
  "pins" : [
    {
      "identity" : "cserrors",
      "kind" : "remoteSourceControl",
      "location" : "https://github.com/CharlesJS/CSErrors",
      "state" : {
        "revision" : "7426dd06aaeedf468b768f77f48b3f52e87abc5d",
        "version" : "2.1.0"
      }
    },
    {
      "identity" : "dataparser",
      "kind" : "remoteSourceControl",
      "location" : "https://github.com/CharlesJS/DataParser",
      "state" : {
        "revision" : "51328a430057a6ae3710046f1582f8d2a25583ca",
        "version" : "0.6.0"
      }
    },
    {
      "identity" : "hfstypeconversion",
      "kind" : "remoteSourceControl",
      "location" : "https://github.com/CharlesJS/HFSTypeConversion",
      "state" : {
        "revision" : "d37a4a73067ff15c7aea575712196780fefe94b6",
        "version" : "0.1.4"
      }
    },
    {
      "identity" : "swift-system",
      "kind" : "remoteSourceControl",
      "location" : "https://github.com/apple/swift-system",
      "state" : {
        "revision" : "7c6ad0fc39d0763e0b699210e4124afd5041c5df",
        "version" : "1.6.4"
      }
    }
  ],
  "version" : 3
}
